// !$*UTF8*$!
{
	archiveVersion = 1;
	classes = {
	};
	objectVersion = 50;
	objects = {

/* Begin PBXBuildFile section */
		53BC9A9722426FBA00C6BBBE /* AppDelegate.swift in Sources */ = {isa = PBXBuildFile; fileRef = 53BC9A9622426FBA00C6BBBE /* AppDelegate.swift */; };
		53BC9A9C22426FBA00C6BBBE /* Main.storyboard in Resources */ = {isa = PBXBuildFile; fileRef = 53BC9A9A22426FBA00C6BBBE /* Main.storyboard */; };
		53BC9A9E22426FBC00C6BBBE /* Assets.xcassets in Resources */ = {isa = PBXBuildFile; fileRef = 53BC9A9D22426FBC00C6BBBE /* Assets.xcassets */; };
		53BC9AA122426FBC00C6BBBE /* LaunchScreen.storyboard in Resources */ = {isa = PBXBuildFile; fileRef = 53BC9A9F22426FBC00C6BBBE /* LaunchScreen.storyboard */; };
		53BC9AB722426FBC00C6BBBE /* NewsAPIUITests.swift in Sources */ = {isa = PBXBuildFile; fileRef = 53BC9AB622426FBC00C6BBBE /* NewsAPIUITests.swift */; };
		53BC9ACD2242700C00C6BBBE /* NetworkService.swift in Sources */ = {isa = PBXBuildFile; fileRef = 53BC9ACA2242700C00C6BBBE /* NetworkService.swift */; };
		53BC9ACE2242700C00C6BBBE /* NewsService.swift in Sources */ = {isa = PBXBuildFile; fileRef = 53BC9ACB2242700C00C6BBBE /* NewsService.swift */; };
		53BC9AD42242711200C6BBBE /* Result.swift in Sources */ = {isa = PBXBuildFile; fileRef = 53BC9AD02242711200C6BBBE /* Result.swift */; };
		53BC9AD52242711200C6BBBE /* Resource.swift in Sources */ = {isa = PBXBuildFile; fileRef = 53BC9AD12242711200C6BBBE /* Resource.swift */; };
		53BC9AD62242711200C6BBBE /* Reachability.swift in Sources */ = {isa = PBXBuildFile; fileRef = 53BC9AD22242711200C6BBBE /* Reachability.swift */; };
		53BC9AD72242711200C6BBBE /* DataResponseError.swift in Sources */ = {isa = PBXBuildFile; fileRef = 53BC9AD32242711200C6BBBE /* DataResponseError.swift */; };
		53BC9AD92242717800C6BBBE /* NewsResponceModel.swift in Sources */ = {isa = PBXBuildFile; fileRef = 53BC9AD82242717800C6BBBE /* NewsResponceModel.swift */; };
		53BC9ADB224271F400C6BBBE /* Article.swift in Sources */ = {isa = PBXBuildFile; fileRef = 53BC9ADA224271F400C6BBBE /* Article.swift */; };
		53BC9ADE224280FF00C6BBBE /* ParseHelper.swift in Sources */ = {isa = PBXBuildFile; fileRef = 53BC9ADD224280FF00C6BBBE /* ParseHelper.swift */; };
		53BC9AE02242863300C6BBBE /* NewsCustomCell.swift in Sources */ = {isa = PBXBuildFile; fileRef = 53BC9ADF2242863300C6BBBE /* NewsCustomCell.swift */; };
		53BC9AE92242887B00C6BBBE /* AlertViewController.swift in Sources */ = {isa = PBXBuildFile; fileRef = 53BC9AE42242887B00C6BBBE /* AlertViewController.swift */; };
		53BC9AEB2242887B00C6BBBE /* String+Date.swift in Sources */ = {isa = PBXBuildFile; fileRef = 53BC9AE62242887B00C6BBBE /* String+Date.swift */; };
		53BC9AED22428A0500C6BBBE /* NewsListViewController.swift in Sources */ = {isa = PBXBuildFile; fileRef = 53BC9AEC22428A0500C6BBBE /* NewsListViewController.swift */; };
		53BC9AEF22428A3C00C6BBBE /* NewsListViewModel.swift in Sources */ = {isa = PBXBuildFile; fileRef = 53BC9AEE22428A3C00C6BBBE /* NewsListViewModel.swift */; };
		53BC9AF12242E27100C6BBBE /* NewsDetailViewController.swift in Sources */ = {isa = PBXBuildFile; fileRef = 53BC9AF02242E27000C6BBBE /* NewsDetailViewController.swift */; };
		53BC9AF92242E43F00C6BBBE /* Article.json in Resources */ = {isa = PBXBuildFile; fileRef = 53BC9AF32242E43F00C6BBBE /* Article.json */; };
		53BC9AFB2242E43F00C6BBBE /* MockNetworkService.swift in Sources */ = {isa = PBXBuildFile; fileRef = 53BC9AF62242E43F00C6BBBE /* MockNetworkService.swift */; };
		53BC9AFC2242E43F00C6BBBE /* NewsViewModelTest.swift in Sources */ = {isa = PBXBuildFile; fileRef = 53BC9AF82242E43F00C6BBBE /* NewsViewModelTest.swift */; };
		53BC9B002242EC5B00C6BBBE /* NewsDetailsCustomCell.swift in Sources */ = {isa = PBXBuildFile; fileRef = 53BC9AFF2242EC5B00C6BBBE /* NewsDetailsCustomCell.swift */; };
		53BC9B042242EDFA00C6BBBE /* ImageDownloadHelper.swift in Sources */ = {isa = PBXBuildFile; fileRef = 53BC9B022242EDFA00C6BBBE /* ImageDownloadHelper.swift */; };
		53BC9B052242EDFA00C6BBBE /* AsyncImage.swift in Sources */ = {isa = PBXBuildFile; fileRef = 53BC9B032242EDFA00C6BBBE /* AsyncImage.swift */; };
/* End PBXBuildFile section */

/* Begin PBXContainerItemProxy section */
		53BC9AA822426FBC00C6BBBE /* PBXContainerItemProxy */ = {
			isa = PBXContainerItemProxy;
			containerPortal = 53BC9A8B22426FBA00C6BBBE /* Project object */;
			proxyType = 1;
			remoteGlobalIDString = 53BC9A9222426FBA00C6BBBE;
			remoteInfo = NewsAPI;
		};
		53BC9AB322426FBC00C6BBBE /* PBXContainerItemProxy */ = {
			isa = PBXContainerItemProxy;
			containerPortal = 53BC9A8B22426FBA00C6BBBE /* Project object */;
			proxyType = 1;
			remoteGlobalIDString = 53BC9A9222426FBA00C6BBBE;
			remoteInfo = NewsAPI;
		};
/* End PBXContainerItemProxy section */

/* Begin PBXFileReference section */
		53BC9A9322426FBA00C6BBBE /* NewsAPI.app */ = {isa = PBXFileReference; explicitFileType = wrapper.application; includeInIndex = 0; path = NewsAPI.app; sourceTree = BUILT_PRODUCTS_DIR; };
		53BC9A9622426FBA00C6BBBE /* AppDelegate.swift */ = {isa = PBXFileReference; lastKnownFileType = sourcecode.swift; path = AppDelegate.swift; sourceTree = "<group>"; };
		53BC9A9B22426FBA00C6BBBE /* Base */ = {isa = PBXFileReference; lastKnownFileType = file.storyboard; name = Base; path = Base.lproj/Main.storyboard; sourceTree = "<group>"; };
		53BC9A9D22426FBC00C6BBBE /* Assets.xcassets */ = {isa = PBXFileReference; lastKnownFileType = folder.assetcatalog; path = Assets.xcassets; sourceTree = "<group>"; };
		53BC9AA022426FBC00C6BBBE /* Base */ = {isa = PBXFileReference; lastKnownFileType = file.storyboard; name = Base; path = Base.lproj/LaunchScreen.storyboard; sourceTree = "<group>"; };
		53BC9AA222426FBC00C6BBBE /* Info.plist */ = {isa = PBXFileReference; lastKnownFileType = text.plist.xml; path = Info.plist; sourceTree = "<group>"; };
		53BC9AA722426FBC00C6BBBE /* NewsAPITests.xctest */ = {isa = PBXFileReference; explicitFileType = wrapper.cfbundle; includeInIndex = 0; path = NewsAPITests.xctest; sourceTree = BUILT_PRODUCTS_DIR; };
		53BC9AAD22426FBC00C6BBBE /* Info.plist */ = {isa = PBXFileReference; lastKnownFileType = text.plist.xml; path = Info.plist; sourceTree = "<group>"; };
		53BC9AB222426FBC00C6BBBE /* NewsAPIUITests.xctest */ = {isa = PBXFileReference; explicitFileType = wrapper.cfbundle; includeInIndex = 0; path = NewsAPIUITests.xctest; sourceTree = BUILT_PRODUCTS_DIR; };
		53BC9AB622426FBC00C6BBBE /* NewsAPIUITests.swift */ = {isa = PBXFileReference; lastKnownFileType = sourcecode.swift; path = NewsAPIUITests.swift; sourceTree = "<group>"; };
		53BC9AB822426FBC00C6BBBE /* Info.plist */ = {isa = PBXFileReference; lastKnownFileType = text.plist.xml; path = Info.plist; sourceTree = "<group>"; };
		53BC9ACA2242700C00C6BBBE /* NetworkService.swift */ = {isa = PBXFileReference; fileEncoding = 4; lastKnownFileType = sourcecode.swift; path = NetworkService.swift; sourceTree = "<group>"; };
		53BC9ACB2242700C00C6BBBE /* NewsService.swift */ = {isa = PBXFileReference; fileEncoding = 4; lastKnownFileType = sourcecode.swift; path = NewsService.swift; sourceTree = "<group>"; };
		53BC9AD02242711200C6BBBE /* Result.swift */ = {isa = PBXFileReference; fileEncoding = 4; lastKnownFileType = sourcecode.swift; path = Result.swift; sourceTree = "<group>"; };
		53BC9AD12242711200C6BBBE /* Resource.swift */ = {isa = PBXFileReference; fileEncoding = 4; lastKnownFileType = sourcecode.swift; path = Resource.swift; sourceTree = "<group>"; };
		53BC9AD22242711200C6BBBE /* Reachability.swift */ = {isa = PBXFileReference; fileEncoding = 4; lastKnownFileType = sourcecode.swift; path = Reachability.swift; sourceTree = "<group>"; };
		53BC9AD32242711200C6BBBE /* DataResponseError.swift */ = {isa = PBXFileReference; fileEncoding = 4; lastKnownFileType = sourcecode.swift; path = DataResponseError.swift; sourceTree = "<group>"; };
		53BC9AD82242717800C6BBBE /* NewsResponceModel.swift */ = {isa = PBXFileReference; lastKnownFileType = sourcecode.swift; path = NewsResponceModel.swift; sourceTree = "<group>"; };
		53BC9ADA224271F400C6BBBE /* Article.swift */ = {isa = PBXFileReference; lastKnownFileType = sourcecode.swift; path = Article.swift; sourceTree = "<group>"; };
		53BC9ADD224280FF00C6BBBE /* ParseHelper.swift */ = {isa = PBXFileReference; fileEncoding = 4; lastKnownFileType = sourcecode.swift; path = ParseHelper.swift; sourceTree = "<group>"; };
		53BC9ADF2242863300C6BBBE /* NewsCustomCell.swift */ = {isa = PBXFileReference; lastKnownFileType = sourcecode.swift; path = NewsCustomCell.swift; sourceTree = "<group>"; };
		53BC9AE42242887B00C6BBBE /* AlertViewController.swift */ = {isa = PBXFileReference; fileEncoding = 4; lastKnownFileType = sourcecode.swift; path = AlertViewController.swift; sourceTree = "<group>"; };
		53BC9AE62242887B00C6BBBE /* String+Date.swift */ = {isa = PBXFileReference; fileEncoding = 4; lastKnownFileType = sourcecode.swift; path = "String+Date.swift"; sourceTree = "<group>"; };
		53BC9AEC22428A0500C6BBBE /* NewsListViewController.swift */ = {isa = PBXFileReference; lastKnownFileType = sourcecode.swift; path = NewsListViewController.swift; sourceTree = "<group>"; };
		53BC9AEE22428A3C00C6BBBE /* NewsListViewModel.swift */ = {isa = PBXFileReference; lastKnownFileType = sourcecode.swift; path = NewsListViewModel.swift; sourceTree = "<group>"; };
		53BC9AF02242E27000C6BBBE /* NewsDetailViewController.swift */ = {isa = PBXFileReference; lastKnownFileType = sourcecode.swift; path = NewsDetailViewController.swift; sourceTree = "<group>"; };
		53BC9AF32242E43F00C6BBBE /* Article.json */ = {isa = PBXFileReference; fileEncoding = 4; lastKnownFileType = text.json; path = Article.json; sourceTree = "<group>"; };
		53BC9AF62242E43F00C6BBBE /* MockNetworkService.swift */ = {isa = PBXFileReference; fileEncoding = 4; lastKnownFileType = sourcecode.swift; path = MockNetworkService.swift; sourceTree = "<group>"; };
		53BC9AF82242E43F00C6BBBE /* NewsViewModelTest.swift */ = {isa = PBXFileReference; fileEncoding = 4; lastKnownFileType = sourcecode.swift; path = NewsViewModelTest.swift; sourceTree = "<group>"; };
		53BC9AFF2242EC5B00C6BBBE /* NewsDetailsCustomCell.swift */ = {isa = PBXFileReference; lastKnownFileType = sourcecode.swift; path = NewsDetailsCustomCell.swift; sourceTree = "<group>"; };
		53BC9B022242EDFA00C6BBBE /* ImageDownloadHelper.swift */ = {isa = PBXFileReference; fileEncoding = 4; lastKnownFileType = sourcecode.swift; path = ImageDownloadHelper.swift; sourceTree = "<group>"; };
		53BC9B032242EDFA00C6BBBE /* AsyncImage.swift */ = {isa = PBXFileReference; fileEncoding = 4; lastKnownFileType = sourcecode.swift; path = AsyncImage.swift; sourceTree = "<group>"; };
/* End PBXFileReference section */

/* Begin PBXFrameworksBuildPhase section */
		53BC9A9022426FBA00C6BBBE /* Frameworks */ = {
			isa = PBXFrameworksBuildPhase;
			buildActionMask = 2147483647;
			files = (
			);
			runOnlyForDeploymentPostprocessing = 0;
		};
		53BC9AA422426FBC00C6BBBE /* Frameworks */ = {
			isa = PBXFrameworksBuildPhase;
			buildActionMask = 2147483647;
			files = (
			);
			runOnlyForDeploymentPostprocessing = 0;
		};
		53BC9AAF22426FBC00C6BBBE /* Frameworks */ = {
			isa = PBXFrameworksBuildPhase;
			buildActionMask = 2147483647;
			files = (
			);
			runOnlyForDeploymentPostprocessing = 0;
		};
/* End PBXFrameworksBuildPhase section */

/* Begin PBXGroup section */
		53BC9A8A22426FBA00C6BBBE = {
			isa = PBXGroup;
			children = (
				53BC9A9522426FBA00C6BBBE /* NewsAPI */,
				53BC9AAA22426FBC00C6BBBE /* NewsAPITests */,
				53BC9AB522426FBC00C6BBBE /* NewsAPIUITests */,
				53BC9A9422426FBA00C6BBBE /* Products */,
			);
			sourceTree = "<group>";
		};
		53BC9A9422426FBA00C6BBBE /* Products */ = {
			isa = PBXGroup;
			children = (
				53BC9A9322426FBA00C6BBBE /* NewsAPI.app */,
				53BC9AA722426FBC00C6BBBE /* NewsAPITests.xctest */,
				53BC9AB222426FBC00C6BBBE /* NewsAPIUITests.xctest */,
			);
			name = Products;
			sourceTree = "<group>";
		};
		53BC9A9522426FBA00C6BBBE /* NewsAPI */ = {
			isa = PBXGroup;
			children = (
				53BC9A9622426FBA00C6BBBE /* AppDelegate.swift */,
				53BC9AC422426FCE00C6BBBE /* ViewController */,
				53BC9AC522426FD200C6BBBE /* ViewModel */,
				53BC9AC722426FD800C6BBBE /* Model */,
				53BC9AC622426FD500C6BBBE /* View */,
				53BC9AC82242700C00C6BBBE /* Service */,
				53BC9ACF2242711200C6BBBE /* Network */,
				53BC9AE12242887B00C6BBBE /* Extension */,
				53BC9ADC224280FF00C6BBBE /* Helper */,
				53BC9A9D22426FBC00C6BBBE /* Assets.xcassets */,
				53BC9A9F22426FBC00C6BBBE /* LaunchScreen.storyboard */,
				53BC9AA222426FBC00C6BBBE /* Info.plist */,
			);
			path = NewsAPI;
			sourceTree = "<group>";
		};
		53BC9AAA22426FBC00C6BBBE /* NewsAPITests */ = {
			isa = PBXGroup;
			children = (
				53BC9AF72242E43F00C6BBBE /* News */,
				53BC9AF22242E43F00C6BBBE /* Json */,
				53BC9AF52242E43F00C6BBBE /* Mock */,
				53BC9AAD22426FBC00C6BBBE /* Info.plist */,
			);
			path = NewsAPITests;
			sourceTree = "<group>";
		};
		53BC9AB522426FBC00C6BBBE /* NewsAPIUITests */ = {
			isa = PBXGroup;
			children = (
				53BC9AB622426FBC00C6BBBE /* NewsAPIUITests.swift */,
				53BC9AB822426FBC00C6BBBE /* Info.plist */,
			);
			path = NewsAPIUITests;
			sourceTree = "<group>";
		};
		53BC9AC422426FCE00C6BBBE /* ViewController */ = {
			isa = PBXGroup;
			children = (
				53BC9AEC22428A0500C6BBBE /* NewsListViewController.swift */,
				53BC9AF02242E27000C6BBBE /* NewsDetailViewController.swift */,
			);
			path = ViewController;
			sourceTree = "<group>";
		};
		53BC9AC522426FD200C6BBBE /* ViewModel */ = {
			isa = PBXGroup;
			children = (
				53BC9AEE22428A3C00C6BBBE /* NewsListViewModel.swift */,
			);
			path = ViewModel;
			sourceTree = "<group>";
		};
		53BC9AC622426FD500C6BBBE /* View */ = {
			isa = PBXGroup;
			children = (
				53BC9A9A22426FBA00C6BBBE /* Main.storyboard */,
				53BC9ADF2242863300C6BBBE /* NewsCustomCell.swift */,
				53BC9AFF2242EC5B00C6BBBE /* NewsDetailsCustomCell.swift */,
			);
			path = View;
			sourceTree = "<group>";
		};
		53BC9AC722426FD800C6BBBE /* Model */ = {
			isa = PBXGroup;
			children = (
				53BC9AD82242717800C6BBBE /* NewsResponceModel.swift */,
				53BC9ADA224271F400C6BBBE /* Article.swift */,
			);
			path = Model;
			sourceTree = "<group>";
		};
		53BC9AC82242700C00C6BBBE /* Service */ = {
			isa = PBXGroup;
			children = (
				53BC9ACB2242700C00C6BBBE /* NewsService.swift */,
				53BC9ACA2242700C00C6BBBE /* NetworkService.swift */,
			);
			path = Service;
			sourceTree = "<group>";
		};
		53BC9ACF2242711200C6BBBE /* Network */ = {
			isa = PBXGroup;
			children = (
				53BC9AD02242711200C6BBBE /* Result.swift */,
				53BC9AD12242711200C6BBBE /* Resource.swift */,
				53BC9AD22242711200C6BBBE /* Reachability.swift */,
				53BC9AD32242711200C6BBBE /* DataResponseError.swift */,
			);
			path = Network;
			sourceTree = "<group>";
		};
		53BC9ADC224280FF00C6BBBE /* Helper */ = {
			isa = PBXGroup;
			children = (
				53BC9ADD224280FF00C6BBBE /* ParseHelper.swift */,
				53BC9B062242EE0200C6BBBE /* ImageDownload */,
			);
			path = Helper;
			sourceTree = "<group>";
		};
		53BC9AE12242887B00C6BBBE /* Extension */ = {
			isa = PBXGroup;
			children = (
				53BC9AE42242887B00C6BBBE /* AlertViewController.swift */,
				53BC9AE62242887B00C6BBBE /* String+Date.swift */,
			);
			path = Extension;
			sourceTree = "<group>";
		};
		53BC9AF22242E43F00C6BBBE /* Json */ = {
			isa = PBXGroup;
			children = (
				53BC9AF32242E43F00C6BBBE /* Article.json */,
			);
			path = Json;
			sourceTree = "<group>";
		};
		53BC9AF52242E43F00C6BBBE /* Mock */ = {
			isa = PBXGroup;
			children = (
				53BC9AF62242E43F00C6BBBE /* MockNetworkService.swift */,
			);
			path = Mock;
			sourceTree = "<group>";
		};
		53BC9AF72242E43F00C6BBBE /* News */ = {
			isa = PBXGroup;
			children = (
				53BC9AF82242E43F00C6BBBE /* NewsViewModelTest.swift */,
			);
			path = News;
			sourceTree = "<group>";
		};
		53BC9B062242EE0200C6BBBE /* ImageDownload */ = {
			isa = PBXGroup;
			children = (
				53BC9B022242EDFA00C6BBBE /* ImageDownloadHelper.swift */,
				53BC9B032242EDFA00C6BBBE /* AsyncImage.swift */,
			);
			path = ImageDownload;
			sourceTree = "<group>";
		};
/* End PBXGroup section */

/* Begin PBXNativeTarget section */
		53BC9A9222426FBA00C6BBBE /* NewsAPI */ = {
			isa = PBXNativeTarget;
			buildConfigurationList = 53BC9ABB22426FBC00C6BBBE /* Build configuration list for PBXNativeTarget "NewsAPI" */;
			buildPhases = (
				53BC9A8F22426FBA00C6BBBE /* Sources */,
				53BC9A9022426FBA00C6BBBE /* Frameworks */,
				53BC9A9122426FBA00C6BBBE /* Resources */,
			);
			buildRules = (
			);
			dependencies = (
			);
			name = NewsAPI;
			productName = NewsAPI;
			productReference = 53BC9A9322426FBA00C6BBBE /* NewsAPI.app */;
			productType = "com.apple.product-type.application";
		};
		53BC9AA622426FBC00C6BBBE /* NewsAPITests */ = {
			isa = PBXNativeTarget;
			buildConfigurationList = 53BC9ABE22426FBC00C6BBBE /* Build configuration list for PBXNativeTarget "NewsAPITests" */;
			buildPhases = (
				53BC9AA322426FBC00C6BBBE /* Sources */,
				53BC9AA422426FBC00C6BBBE /* Frameworks */,
				53BC9AA522426FBC00C6BBBE /* Resources */,
			);
			buildRules = (
			);
			dependencies = (
				53BC9AA922426FBC00C6BBBE /* PBXTargetDependency */,
			);
			name = NewsAPITests;
			productName = NewsAPITests;
			productReference = 53BC9AA722426FBC00C6BBBE /* NewsAPITests.xctest */;
			productType = "com.apple.product-type.bundle.unit-test";
		};
		53BC9AB122426FBC00C6BBBE /* NewsAPIUITests */ = {
			isa = PBXNativeTarget;
			buildConfigurationList = 53BC9AC122426FBC00C6BBBE /* Build configuration list for PBXNativeTarget "NewsAPIUITests" */;
			buildPhases = (
				53BC9AAE22426FBC00C6BBBE /* Sources */,
				53BC9AAF22426FBC00C6BBBE /* Frameworks */,
				53BC9AB022426FBC00C6BBBE /* Resources */,
			);
			buildRules = (
			);
			dependencies = (
				53BC9AB422426FBC00C6BBBE /* PBXTargetDependency */,
			);
			name = NewsAPIUITests;
			productName = NewsAPIUITests;
			productReference = 53BC9AB222426FBC00C6BBBE /* NewsAPIUITests.xctest */;
			productType = "com.apple.product-type.bundle.ui-testing";
		};
/* End PBXNativeTarget section */

/* Begin PBXProject section */
		53BC9A8B22426FBA00C6BBBE /* Project object */ = {
			isa = PBXProject;
			attributes = {
				LastSwiftUpdateCheck = 1010;
				LastUpgradeCheck = 1010;
				ORGANIZATIONNAME = "Shital  Jadhav";
				TargetAttributes = {
					53BC9A9222426FBA00C6BBBE = {
						CreatedOnToolsVersion = 10.1;
					};
					53BC9AA622426FBC00C6BBBE = {
						CreatedOnToolsVersion = 10.1;
						TestTargetID = 53BC9A9222426FBA00C6BBBE;
					};
					53BC9AB122426FBC00C6BBBE = {
						CreatedOnToolsVersion = 10.1;
						TestTargetID = 53BC9A9222426FBA00C6BBBE;
					};
				};
			};
			buildConfigurationList = 53BC9A8E22426FBA00C6BBBE /* Build configuration list for PBXProject "NewsAPI" */;
			compatibilityVersion = "Xcode 9.3";
			developmentRegion = en;
			hasScannedForEncodings = 0;
			knownRegions = (
				en,
				Base,
			);
			mainGroup = 53BC9A8A22426FBA00C6BBBE;
			productRefGroup = 53BC9A9422426FBA00C6BBBE /* Products */;
			projectDirPath = "";
			projectRoot = "";
			targets = (
				53BC9A9222426FBA00C6BBBE /* NewsAPI */,
				53BC9AA622426FBC00C6BBBE /* NewsAPITests */,
				53BC9AB122426FBC00C6BBBE /* NewsAPIUITests */,
			);
		};
/* End PBXProject section */

/* Begin PBXResourcesBuildPhase section */
		53BC9A9122426FBA00C6BBBE /* Resources */ = {
			isa = PBXResourcesBuildPhase;
			buildActionMask = 2147483647;
			files = (
				53BC9AA122426FBC00C6BBBE /* LaunchScreen.storyboard in Resources */,
				53BC9A9E22426FBC00C6BBBE /* Assets.xcassets in Resources */,
				53BC9A9C22426FBA00C6BBBE /* Main.storyboard in Resources */,
			);
			runOnlyForDeploymentPostprocessing = 0;
		};
		53BC9AA522426FBC00C6BBBE /* Resources */ = {
			isa = PBXResourcesBuildPhase;
			buildActionMask = 2147483647;
			files = (
				53BC9AF92242E43F00C6BBBE /* Article.json in Resources */,
			);
			runOnlyForDeploymentPostprocessing = 0;
		};
		53BC9AB022426FBC00C6BBBE /* Resources */ = {
			isa = PBXResourcesBuildPhase;
			buildActionMask = 2147483647;
			files = (
			);
			runOnlyForDeploymentPostprocessing = 0;
		};
/* End PBXResourcesBuildPhase section */

/* Begin PBXSourcesBuildPhase section */
		53BC9A8F22426FBA00C6BBBE /* Sources */ = {
			isa = PBXSourcesBuildPhase;
			buildActionMask = 2147483647;
			files = (
				53BC9B052242EDFA00C6BBBE /* AsyncImage.swift in Sources */,
				53BC9AD62242711200C6BBBE /* Reachability.swift in Sources */,
				53BC9A9722426FBA00C6BBBE /* AppDelegate.swift in Sources */,
				53BC9AD42242711200C6BBBE /* Result.swift in Sources */,
				53BC9ACE2242700C00C6BBBE /* NewsService.swift in Sources */,
				53BC9AEF22428A3C00C6BBBE /* NewsListViewModel.swift in Sources */,
				53BC9AF12242E27100C6BBBE /* NewsDetailViewController.swift in Sources */,
				53BC9B002242EC5B00C6BBBE /* NewsDetailsCustomCell.swift in Sources */,
				53BC9ADB224271F400C6BBBE /* Article.swift in Sources */,
				53BC9AD52242711200C6BBBE /* Resource.swift in Sources */,
				53BC9AD92242717800C6BBBE /* NewsResponceModel.swift in Sources */,
				53BC9B042242EDFA00C6BBBE /* ImageDownloadHelper.swift in Sources */,
				53BC9AD72242711200C6BBBE /* DataResponseError.swift in Sources */,
				53BC9AEB2242887B00C6BBBE /* String+Date.swift in Sources */,
				53BC9ADE224280FF00C6BBBE /* ParseHelper.swift in Sources */,
				53BC9ACD2242700C00C6BBBE /* NetworkService.swift in Sources */,
				53BC9AE92242887B00C6BBBE /* AlertViewController.swift in Sources */,
				53BC9AE02242863300C6BBBE /* NewsCustomCell.swift in Sources */,
				53BC9AED22428A0500C6BBBE /* NewsListViewController.swift in Sources */,
			);
			runOnlyForDeploymentPostprocessing = 0;
		};
		53BC9AA322426FBC00C6BBBE /* Sources */ = {
			isa = PBXSourcesBuildPhase;
			buildActionMask = 2147483647;
			files = (
				53BC9AFB2242E43F00C6BBBE /* MockNetworkService.swift in Sources */,
				53BC9AFC2242E43F00C6BBBE /* NewsViewModelTest.swift in Sources */,
			);
			runOnlyForDeploymentPostprocessing = 0;
		};
		53BC9AAE22426FBC00C6BBBE /* Sources */ = {
			isa = PBXSourcesBuildPhase;
			buildActionMask = 2147483647;
			files = (
				53BC9AB722426FBC00C6BBBE /* NewsAPIUITests.swift in Sources */,
			);
			runOnlyForDeploymentPostprocessing = 0;
		};
/* End PBXSourcesBuildPhase section */

/* Begin PBXTargetDependency section */
		53BC9AA922426FBC00C6BBBE /* PBXTargetDependency */ = {
			isa = PBXTargetDependency;
			target = 53BC9A9222426FBA00C6BBBE /* NewsAPI */;
			targetProxy = 53BC9AA822426FBC00C6BBBE /* PBXContainerItemProxy */;
		};
		53BC9AB422426FBC00C6BBBE /* PBXTargetDependency */ = {
			isa = PBXTargetDependency;
			target = 53BC9A9222426FBA00C6BBBE /* NewsAPI */;
			targetProxy = 53BC9AB322426FBC00C6BBBE /* PBXContainerItemProxy */;
		};
/* End PBXTargetDependency section */

/* Begin PBXVariantGroup section */
		53BC9A9A22426FBA00C6BBBE /* Main.storyboard */ = {
			isa = PBXVariantGroup;
			children = (
				53BC9A9B22426FBA00C6BBBE /* Base */,
			);
			name = Main.storyboard;
			sourceTree = "<group>";
		};
		53BC9A9F22426FBC00C6BBBE /* LaunchScreen.storyboard */ = {
			isa = PBXVariantGroup;
			children = (
				53BC9AA022426FBC00C6BBBE /* Base */,
			);
			name = LaunchScreen.storyboard;
			sourceTree = "<group>";
		};
/* End PBXVariantGroup section */

/* Begin XCBuildConfiguration section */
		53BC9AB922426FBC00C6BBBE /* Debug */ = {
			isa = XCBuildConfiguration;
			buildSettings = {
				ALWAYS_SEARCH_USER_PATHS = NO;
				CLANG_ANALYZER_NONNULL = YES;
				CLANG_ANALYZER_NUMBER_OBJECT_CONVERSION = YES_AGGRESSIVE;
				CLANG_CXX_LANGUAGE_STANDARD = "gnu++14";
				CLANG_CXX_LIBRARY = "libc++";
				CLANG_ENABLE_MODULES = YES;
				CLANG_ENABLE_OBJC_ARC = YES;
				CLANG_ENABLE_OBJC_WEAK = YES;
				CLANG_WARN_BLOCK_CAPTURE_AUTORELEASING = YES;
				CLANG_WARN_BOOL_CONVERSION = YES;
				CLANG_WARN_COMMA = YES;
				CLANG_WARN_CONSTANT_CONVERSION = YES;
				CLANG_WARN_DEPRECATED_OBJC_IMPLEMENTATIONS = YES;
				CLANG_WARN_DIRECT_OBJC_ISA_USAGE = YES_ERROR;
				CLANG_WARN_DOCUMENTATION_COMMENTS = YES;
				CLANG_WARN_EMPTY_BODY = YES;
				CLANG_WARN_ENUM_CONVERSION = YES;
				CLANG_WARN_INFINITE_RECURSION = YES;
				CLANG_WARN_INT_CONVERSION = YES;
				CLANG_WARN_NON_LITERAL_NULL_CONVERSION = YES;
				CLANG_WARN_OBJC_IMPLICIT_RETAIN_SELF = YES;
				CLANG_WARN_OBJC_LITERAL_CONVERSION = YES;
				CLANG_WARN_OBJC_ROOT_CLASS = YES_ERROR;
				CLANG_WARN_RANGE_LOOP_ANALYSIS = YES;
				CLANG_WARN_STRICT_PROTOTYPES = YES;
				CLANG_WARN_SUSPICIOUS_MOVE = YES;
				CLANG_WARN_UNGUARDED_AVAILABILITY = YES_AGGRESSIVE;
				CLANG_WARN_UNREACHABLE_CODE = YES;
				CLANG_WARN__DUPLICATE_METHOD_MATCH = YES;
				CODE_SIGN_IDENTITY = "iPhone Developer";
				COPY_PHASE_STRIP = NO;
				DEBUG_INFORMATION_FORMAT = dwarf;
				ENABLE_STRICT_OBJC_MSGSEND = YES;
				ENABLE_TESTABILITY = YES;
				GCC_C_LANGUAGE_STANDARD = gnu11;
				GCC_DYNAMIC_NO_PIC = NO;
				GCC_NO_COMMON_BLOCKS = YES;
				GCC_OPTIMIZATION_LEVEL = 0;
				GCC_PREPROCESSOR_DEFINITIONS = (
					"DEBUG=1",
					"$(inherited)",
				);
				GCC_WARN_64_TO_32_BIT_CONVERSION = YES;
				GCC_WARN_ABOUT_RETURN_TYPE = YES_ERROR;
				GCC_WARN_UNDECLARED_SELECTOR = YES;
				GCC_WARN_UNINITIALIZED_AUTOS = YES_AGGRESSIVE;
				GCC_WARN_UNUSED_FUNCTION = YES;
				GCC_WARN_UNUSED_VARIABLE = YES;
				IPHONEOS_DEPLOYMENT_TARGET = 12.1;
				MTL_ENABLE_DEBUG_INFO = INCLUDE_SOURCE;
				MTL_FAST_MATH = YES;
				ONLY_ACTIVE_ARCH = YES;
				SDKROOT = iphoneos;
				SWIFT_ACTIVE_COMPILATION_CONDITIONS = DEBUG;
				SWIFT_OPTIMIZATION_LEVEL = "-Onone";
			};
			name = Debug;
		};
		53BC9ABA22426FBC00C6BBBE /* Release */ = {
			isa = XCBuildConfiguration;
			buildSettings = {
				ALWAYS_SEARCH_USER_PATHS = NO;
				CLANG_ANALYZER_NONNULL = YES;
				CLANG_ANALYZER_NUMBER_OBJECT_CONVERSION = YES_AGGRESSIVE;
				CLANG_CXX_LANGUAGE_STANDARD = "gnu++14";
				CLANG_CXX_LIBRARY = "libc++";
				CLANG_ENABLE_MODULES = YES;
				CLANG_ENABLE_OBJC_ARC = YES;
				CLANG_ENABLE_OBJC_WEAK = YES;
				CLANG_WARN_BLOCK_CAPTURE_AUTORELEASING = YES;
				CLANG_WARN_BOOL_CONVERSION = YES;
				CLANG_WARN_COMMA = YES;
				CLANG_WARN_CONSTANT_CONVERSION = YES;
				CLANG_WARN_DEPRECATED_OBJC_IMPLEMENTATIONS = YES;
				CLANG_WARN_DIRECT_OBJC_ISA_USAGE = YES_ERROR;
				CLANG_WARN_DOCUMENTATION_COMMENTS = YES;
				CLANG_WARN_EMPTY_BODY = YES;
				CLANG_WARN_ENUM_CONVERSION = YES;
				CLANG_WARN_INFINITE_RECURSION = YES;
				CLANG_WARN_INT_CONVERSION = YES;
				CLANG_WARN_NON_LITERAL_NULL_CONVERSION = YES;
				CLANG_WARN_OBJC_IMPLICIT_RETAIN_SELF = YES;
				CLANG_WARN_OBJC_LITERAL_CONVERSION = YES;
				CLANG_WARN_OBJC_ROOT_CLASS = YES_ERROR;
				CLANG_WARN_RANGE_LOOP_ANALYSIS = YES;
				CLANG_WARN_STRICT_PROTOTYPES = YES;
				CLANG_WARN_SUSPICIOUS_MOVE = YES;
				CLANG_WARN_UNGUARDED_AVAILABILITY = YES_AGGRESSIVE;
				CLANG_WARN_UNREACHABLE_CODE = YES;
				CLANG_WARN__DUPLICATE_METHOD_MATCH = YES;
				CODE_SIGN_IDENTITY = "iPhone Developer";
				COPY_PHASE_STRIP = NO;
				DEBUG_INFORMATION_FORMAT = "dwarf-with-dsym";
				ENABLE_NS_ASSERTIONS = NO;
				ENABLE_STRICT_OBJC_MSGSEND = YES;
				GCC_C_LANGUAGE_STANDARD = gnu11;
				GCC_NO_COMMON_BLOCKS = YES;
				GCC_WARN_64_TO_32_BIT_CONVERSION = YES;
				GCC_WARN_ABOUT_RETURN_TYPE = YES_ERROR;
				GCC_WARN_UNDECLARED_SELECTOR = YES;
				GCC_WARN_UNINITIALIZED_AUTOS = YES_AGGRESSIVE;
				GCC_WARN_UNUSED_FUNCTION = YES;
				GCC_WARN_UNUSED_VARIABLE = YES;
				IPHONEOS_DEPLOYMENT_TARGET = 12.1;
				MTL_ENABLE_DEBUG_INFO = NO;
				MTL_FAST_MATH = YES;
				SDKROOT = iphoneos;
				SWIFT_COMPILATION_MODE = wholemodule;
				SWIFT_OPTIMIZATION_LEVEL = "-O";
				VALIDATE_PRODUCT = YES;
			};
			name = Release;
		};
		53BC9ABC22426FBC00C6BBBE /* Debug */ = {
			isa = XCBuildConfiguration;
			buildSettings = {
				ASSETCATALOG_COMPILER_APPICON_NAME = AppIcon;
				CODE_SIGN_STYLE = Automatic;
				INFOPLIST_FILE = NewsAPI/Info.plist;
				LD_RUNPATH_SEARCH_PATHS = (
					"$(inherited)",
					"@executable_path/Frameworks",
				);
				PRODUCT_BUNDLE_IDENTIFIER = com..NewsAPI;
				PRODUCT_NAME = "$(TARGET_NAME)";
				SWIFT_VERSION = 4.2;
				TARGETED_DEVICE_FAMILY = "1,2";
			};
			name = Debug;
		};
		53BC9ABD22426FBC00C6BBBE /* Release */ = {
			isa = XCBuildConfiguration;
			buildSettings = {
				ASSETCATALOG_COMPILER_APPICON_NAME = AppIcon;
				CODE_SIGN_STYLE = Automatic;
				INFOPLIST_FILE = NewsAPI/Info.plist;
				LD_RUNPATH_SEARCH_PATHS = (
					"$(inherited)",
					"@executable_path/Frameworks",
				);
				PRODUCT_BUNDLE_IDENTIFIER = com..NewsAPI;
				PRODUCT_NAME = "$(TARGET_NAME)";
				SWIFT_VERSION = 4.2;
				TARGETED_DEVICE_FAMILY = "1,2";
			};
			name = Release;
		};
		53BC9ABF22426FBC00C6BBBE /* Debug */ = {
			isa = XCBuildConfiguration;
			buildSettings = {
				ALWAYS_EMBED_SWIFT_STANDARD_LIBRARIES = YES;
				BUNDLE_LOADER = "$(TEST_HOST)";
				CODE_SIGN_STYLE = Automatic;
				INFOPLIST_FILE = NewsAPITests/Info.plist;
				LD_RUNPATH_SEARCH_PATHS = (
					"$(inherited)",
					"@executable_path/Frameworks",
					"@loader_path/Frameworks",
				);
				PRODUCT_BUNDLE_IDENTIFIER = com..NewsAPITests;
				PRODUCT_NAME = "$(TARGET_NAME)";
				SWIFT_VERSION = 4.2;
				TARGETED_DEVICE_FAMILY = "1,2";
				TEST_HOST = "$(BUILT_PRODUCTS_DIR)/NewsAPI.app/NewsAPI";
			};
			name = Debug;
		};
		53BC9AC022426FBC00C6BBBE /* Release */ = {
			isa = XCBuildConfiguration;
			buildSettings = {
				ALWAYS_EMBED_SWIFT_STANDARD_LIBRARIES = YES;
				BUNDLE_LOADER = "$(TEST_HOST)";
				CODE_SIGN_STYLE = Automatic;
				INFOPLIST_FILE = NewsAPITests/Info.plist;
				LD_RUNPATH_SEARCH_PATHS = (
					"$(inherited)",
					"@executable_path/Frameworks",
					"@loader_path/Frameworks",
				);
				PRODUCT_BUNDLE_IDENTIFIER = com..NewsAPITests;
				PRODUCT_NAME = "$(TARGET_NAME)";
				SWIFT_VERSION = 4.2;
				TARGETED_DEVICE_FAMILY = "1,2";
				TEST_HOST = "$(BUILT_PRODUCTS_DIR)/NewsAPI.app/NewsAPI";
			};
			name = Release;
		};
		53BC9AC222426FBC00C6BBBE /* Debug */ = {
			isa = XCBuildConfiguration;
			buildSettings = {
				ALWAYS_EMBED_SWIFT_STANDARD_LIBRARIES = YES;
				CODE_SIGN_STYLE = Automatic;
				INFOPLIST_FILE = NewsAPIUITests/Info.plist;
				LD_RUNPATH_SEARCH_PATHS = (
					"$(inherited)",
					"@executable_path/Frameworks",
					"@loader_path/Frameworks",
				);
				PRODUCT_BUNDLE_IDENTIFIER = com..NewsAPIUITests;
				PRODUCT_NAME = "$(TARGET_NAME)";
				SWIFT_VERSION = 4.2;
				TARGETED_DEVICE_FAMILY = "1,2";
				TEST_TARGET_NAME = NewsAPI;
			};
			name = Debug;
		};
		53BC9AC322426FBC00C6BBBE /* Release */ = {
			isa = XCBuildConfiguration;
			buildSettings = {
				ALWAYS_EMBED_SWIFT_STANDARD_LIBRARIES = YES;
				CODE_SIGN_STYLE = Automatic;
				INFOPLIST_FILE = NewsAPIUITests/Info.plist;
				LD_RUNPATH_SEARCH_PATHS = (
					"$(inherited)",
					"@executable_path/Frameworks",
					"@loader_path/Frameworks",
				);
				PRODUCT_BUNDLE_IDENTIFIER = com..NewsAPIUITests;
				PRODUCT_NAME = "$(TARGET_NAME)";
				SWIFT_VERSION = 4.2;
				TARGETED_DEVICE_FAMILY = "1,2";
				TEST_TARGET_NAME = NewsAPI;
			};
			name = Release;
		};
/* End XCBuildConfiguration section */

/* Begin XCConfigurationList section */
		53BC9A8E22426FBA00C6BBBE /* Build configuration list for PBXProject "NewsAPI" */ = {
			isa = XCConfigurationList;
			buildConfigurations = (
				53BC9AB922426FBC00C6BBBE /* Debug */,
				53BC9ABA22426FBC00C6BBBE /* Release */,
			);
			defaultConfigurationIsVisible = 0;
			defaultConfigurationName = Release;
		};
		53BC9ABB22426FBC00C6BBBE /* Build configuration list for PBXNativeTarget "NewsAPI" */ = {
			isa = XCConfigurationList;
			buildConfigurations = (
				53BC9ABC22426FBC00C6BBBE /* Debug */,
				53BC9ABD22426FBC00C6BBBE /* Release */,
			);
			defaultConfigurationIsVisible = 0;
			defaultConfigurationName = Release;
		};
		53BC9ABE22426FBC00C6BBBE /* Build configuration list for PBXNativeTarget "NewsAPITests" */ = {
			isa = XCConfigurationList;
			buildConfigurations = (
				53BC9ABF22426FBC00C6BBBE /* Debug */,
				53BC9AC022426FBC00C6BBBE /* Release */,
			);
			defaultConfigurationIsVisible = 0;
			defaultConfigurationName = Release;
		};
		53BC9AC122426FBC00C6BBBE /* Build configuration list for PBXNativeTarget "NewsAPIUITests" */ = {
			isa = XCConfigurationList;
			buildConfigurations = (
				53BC9AC222426FBC00C6BBBE /* Debug */,
				53BC9AC322426FBC00C6BBBE /* Release */,
			);
			defaultConfigurationIsVisible = 0;
			defaultConfigurationName = Release;
		};
/* End XCConfigurationList section */
	};
	rootObject = 53BC9A8B22426FBA00C6BBBE /* Project object */;
}
